Microsoft Visual Studio Solution File, Format Version 11.00
# Visual Studio 2008

Project("{88E80E95-5CEF-A08E-1B6F-FAE7BF6E046B}") = "Fighterpilot", "Assembly-CSharp.csproj", "{6439F027-5E1C-BB69-93D2-131D4C17E88A}"
EndProject
Global
	GlobalSection(SolutionConfigurationPlatforms) = preSolution
		Debug|Any CPU = Debug|Any CPU
		Release|Any CPU = Release|Any CPU
	EndGlobalSection
	GlobalSection(ProjectConfigurationPlatforms) = postSolution
		{6439F027-5E1C-BB69-93D2-131D4C17E88A}.Debug|Any CPU.ActiveCfg = Debug|Any CPU
		{6439F027-5E1C-BB69-93D2-131D4C17E88A}.Debug|Any CPU.Build.0 = Debug|Any CPU
		{6439F027-5E1C-BB69-93D2-131D4C17E88A}.Release|Any CPU.ActiveCfg = Release|Any CPU
		{6439F027-5E1C-BB69-93D2-131D4C17E88A}.Release|Any CPU.Build.0 = Release|Any CPU
	EndGlobalSection
	GlobalSection(SolutionProperties) = preSolution
		HideSolutionNode = FALSE
	EndGlobalSection
	GlobalSection(MonoDevelopProperties) = preSolution
		StartupItem = Assembly-CSharp.csproj
	EndGlobalSection
EndGlobal
